// !$*UTF8*$!
{
	archiveVersion = 1;
	classes = {
	};
	objectVersion = 55;
	objects = {

/* Begin PBXBuildFile section */
		DDB0526E28E5EDE600B4AA1B /* AppDelegate.swift in Sources */ = {isa = PBXBuildFile; fileRef = DDB0526D28E5EDE600B4AA1B /* AppDelegate.swift */; };
		DDB0527028E5EDE600B4AA1B /* SceneDelegate.swift in Sources */ = {isa = PBXBuildFile; fileRef = DDB0526F28E5EDE600B4AA1B /* SceneDelegate.swift */; };
		DDB0527228E5EDE600B4AA1B /* MainViewController.swift in Sources */ = {isa = PBXBuildFile; fileRef = DDB0527128E5EDE600B4AA1B /* MainViewController.swift */; };
		DDB0527828E5EDE600B4AA1B /* AirbusA350MFD_ALPHA.xcdatamodeld in Sources */ = {isa = PBXBuildFile; fileRef = DDB0527628E5EDE600B4AA1B /* AirbusA350MFD_ALPHA.xcdatamodeld */; };
		DDB0527A28E5EDE800B4AA1B /* Assets.xcassets in Resources */ = {isa = PBXBuildFile; fileRef = DDB0527928E5EDE800B4AA1B /* Assets.xcassets */; };
		DDB0527D28E5EDE800B4AA1B /* LaunchScreen.storyboard in Resources */ = {isa = PBXBuildFile; fileRef = DDB0527B28E5EDE800B4AA1B /* LaunchScreen.storyboard */; };
		DDB0528528E5EEAF00B4AA1B /* Extensions.swift in Sources */ = {isa = PBXBuildFile; fileRef = DDB0528428E5EEAF00B4AA1B /* Extensions.swift */; };
		DDB0528728E6109E00B4AA1B /* Utilities.swift in Sources */ = {isa = PBXBuildFile; fileRef = DDB0528628E6109E00B4AA1B /* Utilities.swift */; };
		DDB0528B28E6210100B4AA1B /* Contants.swift in Sources */ = {isa = PBXBuildFile; fileRef = DDB0528A28E6210100B4AA1B /* Contants.swift */; };
		DDB0528D28E621E600B4AA1B /* ActiveViewController.swift in Sources */ = {isa = PBXBuildFile; fileRef = DDB0528C28E621E500B4AA1B /* ActiveViewController.swift */; };
		DDB0528F28E62BCC00B4AA1B /* PositionViewController.swift in Sources */ = {isa = PBXBuildFile; fileRef = DDB0528E28E62BCC00B4AA1B /* PositionViewController.swift */; };
		DDB0529128E62D8600B4AA1B /* SecIndexViewController.swift in Sources */ = {isa = PBXBuildFile; fileRef = DDB0529028E62D8600B4AA1B /* SecIndexViewController.swift */; };
		DDB0529328E62DBA00B4AA1B /* DataViewController.swift in Sources */ = {isa = PBXBuildFile; fileRef = DDB0529228E62DBA00B4AA1B /* DataViewController.swift */; };
/* End PBXBuildFile section */

/* Begin PBXFileReference section */
		DDB0526A28E5EDE600B4AA1B /* AirbusA350MFD_ALPHA.app */ = {isa = PBXFileReference; explicitFileType = wrapper.application; includeInIndex = 0; path = AirbusA350MFD_ALPHA.app; sourceTree = BUILT_PRODUCTS_DIR; };
		DDB0526D28E5EDE600B4AA1B /* AppDelegate.swift */ = {isa = PBXFileReference; lastKnownFileType = sourcecode.swift; path = AppDelegate.swift; sourceTree = "<group>"; };
		DDB0526F28E5EDE600B4AA1B /* SceneDelegate.swift */ = {isa = PBXFileReference; lastKnownFileType = sourcecode.swift; path = SceneDelegate.swift; sourceTree = "<group>"; };
		DDB0527128E5EDE600B4AA1B /* MainViewController.swift */ = {isa = PBXFileReference; lastKnownFileType = sourcecode.swift; path = MainViewController.swift; sourceTree = "<group>"; };
		DDB0527728E5EDE600B4AA1B /* AirbusA350MFD_ALPHA.xcdatamodel */ = {isa = PBXFileReference; lastKnownFileType = wrapper.xcdatamodel; path = AirbusA350MFD_ALPHA.xcdatamodel; sourceTree = "<group>"; };
		DDB0527928E5EDE800B4AA1B /* Assets.xcassets */ = {isa = PBXFileReference; lastKnownFileType = folder.assetcatalog; path = Assets.xcassets; sourceTree = "<group>"; };
		DDB0527C28E5EDE800B4AA1B /* Base */ = {isa = PBXFileReference; lastKnownFileType = file.storyboard; name = Base; path = Base.lproj/LaunchScreen.storyboard; sourceTree = "<group>"; };
		DDB0527E28E5EDE800B4AA1B /* Info.plist */ = {isa = PBXFileReference; lastKnownFileType = text.plist.xml; path = Info.plist; sourceTree = "<group>"; };
		DDB0528428E5EEAF00B4AA1B /* Extensions.swift */ = {isa = PBXFileReference; lastKnownFileType = sourcecode.swift; path = Extensions.swift; sourceTree = "<group>"; };
		DDB0528628E6109E00B4AA1B /* Utilities.swift */ = {isa = PBXFileReference; lastKnownFileType = sourcecode.swift; path = Utilities.swift; sourceTree = "<group>"; };
		DDB0528A28E6210100B4AA1B /* Contants.swift */ = {isa = PBXFileReference; lastKnownFileType = sourcecode.swift; path = Contants.swift; sourceTree = "<group>"; };
		DDB0528C28E621E500B4AA1B /* ActiveViewController.swift */ = {isa = PBXFileReference; lastKnownFileType = sourcecode.swift; path = ActiveViewController.swift; sourceTree = "<group>"; };
		DDB0528E28E62BCC00B4AA1B /* PositionViewController.swift */ = {isa = PBXFileReference; lastKnownFileType = sourcecode.swift; path = PositionViewController.swift; sourceTree = "<group>"; };
		DDB0529028E62D8600B4AA1B /* SecIndexViewController.swift */ = {isa = PBXFileReference; lastKnownFileType = sourcecode.swift; path = SecIndexViewController.swift; sourceTree = "<group>"; };
		DDB0529228E62DBA00B4AA1B /* DataViewController.swift */ = {isa = PBXFileReference; lastKnownFileType = sourcecode.swift; path = DataViewController.swift; sourceTree = "<group>"; };
/* End PBXFileReference section */

/* Begin PBXFrameworksBuildPhase section */
		DDB0526728E5EDE600B4AA1B /* Frameworks */ = {
			isa = PBXFrameworksBuildPhase;
			buildActionMask = 2147483647;
			files = (
			);
			runOnlyForDeploymentPostprocessing = 0;
		};
/* End PBXFrameworksBuildPhase section */

/* Begin PBXGroup section */
		DDB0526128E5EDE600B4AA1B = {
			isa = PBXGroup;
			children = (
				DDB0526C28E5EDE600B4AA1B /* AirbusA350MFD_ALPHA */,
				DDB0526B28E5EDE600B4AA1B /* Products */,
			);
			sourceTree = "<group>";
		};
		DDB0526B28E5EDE600B4AA1B /* Products */ = {
			isa = PBXGroup;
			children = (
				DDB0526A28E5EDE600B4AA1B /* AirbusA350MFD_ALPHA.app */,
			);
			name = Products;
			sourceTree = "<group>";
		};
		DDB0526C28E5EDE600B4AA1B /* AirbusA350MFD_ALPHA */ = {
			isa = PBXGroup;
			children = (
				DDB0526D28E5EDE600B4AA1B /* AppDelegate.swift */,
				DDB0526F28E5EDE600B4AA1B /* SceneDelegate.swift */,
				DDB0528828E6135400B4AA1B /* Controller */,
				DDB0528928E6136A00B4AA1B /* Utils */,
				DDB0527928E5EDE800B4AA1B /* Assets.xcassets */,
				DDB0527B28E5EDE800B4AA1B /* LaunchScreen.storyboard */,
				DDB0527E28E5EDE800B4AA1B /* Info.plist */,
				DDB0527628E5EDE600B4AA1B /* AirbusA350MFD_ALPHA.xcdatamodeld */,
			);
			path = AirbusA350MFD_ALPHA;
			sourceTree = "<group>";
		};
		DDB0528828E6135400B4AA1B /* Controller */ = {
			isa = PBXGroup;
			children = (
				DDB0527128E5EDE600B4AA1B /* MainViewController.swift */,
				DDB0528C28E621E500B4AA1B /* ActiveViewController.swift */,
				DDB0528E28E62BCC00B4AA1B /* PositionViewController.swift */,
				DDB0529028E62D8600B4AA1B /* SecIndexViewController.swift */,
				DDB0529228E62DBA00B4AA1B /* DataViewController.swift */,
			);
			path = Controller;
			sourceTree = "<group>";
		};
		DDB0528928E6136A00B4AA1B /* Utils */ = {
			isa = PBXGroup;
			children = (
				DDB0528428E5EEAF00B4AA1B /* Extensions.swift */,
				DDB0528628E6109E00B4AA1B /* Utilities.swift */,
				DDB0528A28E6210100B4AA1B /* Contants.swift */,
			);
			path = Utils;
			sourceTree = "<group>";
		};
/* End PBXGroup section */

/* Begin PBXNativeTarget section */
		DDB0526928E5EDE600B4AA1B /* AirbusA350MFD_ALPHA */ = {
			isa = PBXNativeTarget;
			buildConfigurationList = DDB0528128E5EDE800B4AA1B /* Build configuration list for PBXNativeTarget "AirbusA350MFD_ALPHA" */;
			buildPhases = (
				DDB0526628E5EDE600B4AA1B /* Sources */,
				DDB0526728E5EDE600B4AA1B /* Frameworks */,
				DDB0526828E5EDE600B4AA1B /* Resources */,
			);
			buildRules = (
			);
			dependencies = (
			);
			name = AirbusA350MFD_ALPHA;
			productName = AirbusA350MFD_ALPHA;
			productReference = DDB0526A28E5EDE600B4AA1B /* AirbusA350MFD_ALPHA.app */;
			productType = "com.apple.product-type.application";
		};
/* End PBXNativeTarget section */

/* Begin PBXProject section */
		DDB0526228E5EDE600B4AA1B /* Project object */ = {
			isa = PBXProject;
			attributes = {
				BuildIndependentTargetsInParallel = 1;
				LastSwiftUpdateCheck = 1340;
				LastUpgradeCheck = 1340;
				TargetAttributes = {
					DDB0526928E5EDE600B4AA1B = {
						CreatedOnToolsVersion = 13.4.1;
					};
				};
			};
			buildConfigurationList = DDB0526528E5EDE600B4AA1B /* Build configuration list for PBXProject "AirbusA350MFD_ALPHA" */;
			compatibilityVersion = "Xcode 13.0";
			developmentRegion = en;
			hasScannedForEncodings = 0;
			knownRegions = (
				en,
				Base,
			);
			mainGroup = DDB0526128E5EDE600B4AA1B;
			productRefGroup = DDB0526B28E5EDE600B4AA1B /* Products */;
			projectDirPath = "";
			projectRoot = "";
			targets = (
				DDB0526928E5EDE600B4AA1B /* AirbusA350MFD_ALPHA */,
			);
		};
/* End PBXProject section */

/* Begin PBXResourcesBuildPhase section */
		DDB0526828E5EDE600B4AA1B /* Resources */ = {
			isa = PBXResourcesBuildPhase;
			buildActionMask = 2147483647;
			files = (
				DDB0527D28E5EDE800B4AA1B /* LaunchScreen.storyboard in Resources */,
				DDB0527A28E5EDE800B4AA1B /* Assets.xcassets in Resources */,
			);
			runOnlyForDeploymentPostprocessing = 0;
		};
/* End PBXResourcesBuildPhase section */

/* Begin PBXSourcesBuildPhase section */
		DDB0526628E5EDE600B4AA1B /* Sources */ = {
			isa = PBXSourcesBuildPhase;
			buildActionMask = 2147483647;
			files = (
				DDB0528D28E621E600B4AA1B /* ActiveViewController.swift in Sources */,
				DDB0528728E6109E00B4AA1B /* Utilities.swift in Sources */,
				DDB0528528E5EEAF00B4AA1B /* Extensions.swift in Sources */,
				DDB0529128E62D8600B4AA1B /* SecIndexViewController.swift in Sources */,
				DDB0527228E5EDE600B4AA1B /* MainViewController.swift in Sources */,
				DDB0528B28E6210100B4AA1B /* Contants.swift in Sources */,
				DDB0526E28E5EDE600B4AA1B /* AppDelegate.swift in Sources */,
				DDB0528F28E62BCC00B4AA1B /* PositionViewController.swift in Sources */,
				DDB0527828E5EDE600B4AA1B /* AirbusA350MFD_ALPHA.xcdatamodeld in Sources */,
				DDB0527028E5EDE600B4AA1B /* SceneDelegate.swift in Sources */,
				DDB0529328E62DBA00B4AA1B /* DataViewController.swift in Sources */,
			);
			runOnlyForDeploymentPostprocessing = 0;
		};
/* End PBXSourcesBuildPhase section */

/* Begin PBXVariantGroup section */
		DDB0527B28E5EDE800B4AA1B /* LaunchScreen.storyboard */ = {
			isa = PBXVariantGroup;
			children = (
				DDB0527C28E5EDE800B4AA1B /* Base */,
			);
			name = LaunchScreen.storyboard;
			sourceTree = "<group>";
		};
/* End PBXVariantGroup section */

/* Begin XCBuildConfiguration section */
		DDB0527F28E5EDE800B4AA1B /* Debug */ = {
			isa = XCBuildConfiguration;
			buildSettings = {
				ALWAYS_SEARCH_USER_PATHS = NO;
				CLANG_ANALYZER_NONNULL = YES;
				CLANG_ANALYZER_NUMBER_OBJECT_CONVERSION = YES_AGGRESSIVE;
				CLANG_CXX_LANGUAGE_STANDARD = "gnu++17";
				CLANG_ENABLE_MODULES = YES;
				CLANG_ENABLE_OBJC_ARC = YES;
				CLANG_ENABLE_OBJC_WEAK = YES;
				CLANG_WARN_BLOCK_CAPTURE_AUTORELEASING = YES;
				CLANG_WARN_BOOL_CONVERSION = YES;
				CLANG_WARN_COMMA = YES;
				CLANG_WARN_CONSTANT_CONVERSION = YES;
				CLANG_WARN_DEPRECATED_OBJC_IMPLEMENTATIONS = YES;
				CLANG_WARN_DIRECT_OBJC_ISA_USAGE = YES_ERROR;
				CLANG_WARN_DOCUMENTATION_COMMENTS = YES;
				CLANG_WARN_EMPTY_BODY = YES;
				CLANG_WARN_ENUM_CONVERSION = YES;
				CLANG_WARN_INFINITE_RECURSION = YES;
				CLANG_WARN_INT_CONVERSION = YES;
				CLANG_WARN_NON_LITERAL_NULL_CONVERSION = YES;
				CLANG_WARN_OBJC_IMPLICIT_RETAIN_SELF = YES;
				CLANG_WARN_OBJC_LITERAL_CONVERSION = YES;
				CLANG_WARN_OBJC_ROOT_CLASS = YES_ERROR;
				CLANG_WARN_QUOTED_INCLUDE_IN_FRAMEWORK_HEADER = YES;
				CLANG_WARN_RANGE_LOOP_ANALYSIS = YES;
				CLANG_WARN_STRICT_PROTOTYPES = YES;
				CLANG_WARN_SUSPICIOUS_MOVE = YES;
				CLANG_WARN_UNGUARDED_AVAILABILITY = YES_AGGRESSIVE;
				CLANG_WARN_UNREACHABLE_CODE = YES;
				CLANG_WARN__DUPLICATE_METHOD_MATCH = YES;
				COPY_PHASE_STRIP = NO;
				DEBUG_INFORMATION_FORMAT = dwarf;
				ENABLE_STRICT_OBJC_MSGSEND = YES;
				ENABLE_TESTABILITY = YES;
				GCC_C_LANGUAGE_STANDARD = gnu11;
				GCC_DYNAMIC_NO_PIC = NO;
				GCC_NO_COMMON_BLOCKS = YES;
				GCC_OPTIMIZATION_LEVEL = 0;
				GCC_PREPROCESSOR_DEFINITIONS = (
					"DEBUG=1",
					"$(inherited)",
				);
				GCC_WARN_64_TO_32_BIT_CONVERSION = YES;
				GCC_WARN_ABOUT_RETURN_TYPE = YES_ERROR;
				GCC_WARN_UNDECLARED_SELECTOR = YES;
				GCC_WARN_UNINITIALIZED_AUTOS = YES_AGGRESSIVE;
				GCC_WARN_UNUSED_FUNCTION = YES;
				GCC_WARN_UNUSED_VARIABLE = YES;
				IPHONEOS_DEPLOYMENT_TARGET = 15.5;
				MTL_ENABLE_DEBUG_INFO = INCLUDE_SOURCE;
				MTL_FAST_MATH = YES;
				ONLY_ACTIVE_ARCH = YES;
				SDKROOT = iphoneos;
				SWIFT_ACTIVE_COMPILATION_CONDITIONS = DEBUG;
				SWIFT_OPTIMIZATION_LEVEL = "-Onone";
			};
			name = Debug;
		};
		DDB0528028E5EDE800B4AA1B /* Release */ = {
			isa = XCBuildConfiguration;
			buildSettings = {
				ALWAYS_SEARCH_USER_PATHS = NO;
				CLANG_ANALYZER_NONNULL = YES;
				CLANG_ANALYZER_NUMBER_OBJECT_CONVERSION = YES_AGGRESSIVE;
				CLANG_CXX_LANGUAGE_STANDARD = "gnu++17";
				CLANG_ENABLE_MODULES = YES;
				CLANG_ENABLE_OBJC_ARC = YES;
				CLANG_ENABLE_OBJC_WEAK = YES;
				CLANG_WARN_BLOCK_CAPTURE_AUTORELEASING = YES;
				CLANG_WARN_BOOL_CONVERSION = YES;
				CLANG_WARN_COMMA = YES;
				CLANG_WARN_CONSTANT_CONVERSION = YES;
				CLANG_WARN_DEPRECATED_OBJC_IMPLEMENTATIONS = YES;
				CLANG_WARN_DIRECT_OBJC_ISA_USAGE = YES_ERROR;
				CLANG_WARN_DOCUMENTATION_COMMENTS = YES;
				CLANG_WARN_EMPTY_BODY = YES;
				CLANG_WARN_ENUM_CONVERSION = YES;
				CLANG_WARN_INFINITE_RECURSION = YES;
				CLANG_WARN_INT_CONVERSION = YES;
				CLANG_WARN_NON_LITERAL_NULL_CONVERSION = YES;
				CLANG_WARN_OBJC_IMPLICIT_RETAIN_SELF = YES;
				CLANG_WARN_OBJC_LITERAL_CONVERSION = YES;
				CLANG_WARN_OBJC_ROOT_CLASS = YES_ERROR;
				CLANG_WARN_QUOTED_INCLUDE_IN_FRAMEWORK_HEADER = YES;
				CLANG_WARN_RANGE_LOOP_ANALYSIS = YES;
				CLANG_WARN_STRICT_PROTOTYPES = YES;
				CLANG_WARN_SUSPICIOUS_MOVE = YES;
				CLANG_WARN_UNGUARDED_AVAILABILITY = YES_AGGRESSIVE;
				CLANG_WARN_UNREACHABLE_CODE = YES;
				CLANG_WARN__DUPLICATE_METHOD_MATCH = YES;
				COPY_PHASE_STRIP = NO;
				DEBUG_INFORMATION_FORMAT = "dwarf-with-dsym";
				ENABLE_NS_ASSERTIONS = NO;
				ENABLE_STRICT_OBJC_MSGSEND = YES;
				GCC_C_LANGUAGE_STANDARD = gnu11;
				GCC_NO_COMMON_BLOCKS = YES;
				GCC_WARN_64_TO_32_BIT_CONVERSION = YES;
				GCC_WARN_ABOUT_RETURN_TYPE = YES_ERROR;
				GCC_WARN_UNDECLARED_SELECTOR = YES;
				GCC_WARN_UNINITIALIZED_AUTOS = YES_AGGRESSIVE;
				GCC_WARN_UNUSED_FUNCTION = YES;
				GCC_WARN_UNUSED_VARIABLE = YES;
				IPHONEOS_DEPLOYMENT_TARGET = 15.5;
				MTL_ENABLE_DEBUG_INFO = NO;
				MTL_FAST_MATH = YES;
				SDKROOT = iphoneos;
				SWIFT_COMPILATION_MODE = wholemodule;
				SWIFT_OPTIMIZATION_LEVEL = "-O";
				VALIDATE_PRODUCT = YES;
			};
			name = Release;
		};
		DDB0528228E5EDE800B4AA1B /* Debug */ = {
			isa = XCBuildConfiguration;
			buildSettings = {
				ASSETCATALOG_COMPILER_APPICON_NAME = AppIcon;
				ASSETCATALOG_COMPILER_GLOBAL_ACCENT_COLOR_NAME = AccentColor;
				CODE_SIGN_STYLE = Automatic;
				CURRENT_PROJECT_VERSION = 1;
				DEVELOPMENT_TEAM = BK6GX2R98Y;
				GENERATE_INFOPLIST_FILE = YES;
				INFOPLIST_FILE = AirbusA350MFD_ALPHA/Info.plist;
				INFOPLIST_KEY_UIApplicationSupportsIndirectInputEvents = YES;
				INFOPLIST_KEY_UILaunchStoryboardName = LaunchScreen;
				INFOPLIST_KEY_UISupportedInterfaceOrientations_iPad = "UIInterfaceOrientationLandscapeLeft UIInterfaceOrientationLandscapeRight";
				INFOPLIST_KEY_UISupportedInterfaceOrientations_iPhone = "UIInterfaceOrientationPortrait UIInterfaceOrientationLandscapeLeft UIInterfaceOrientationLandscapeRight";
				LD_RUNPATH_SEARCH_PATHS = (
					"$(inherited)",
					"@executable_path/Frameworks",
				);
				MARKETING_VERSION = 1.0;
				PRODUCT_BUNDLE_IDENTIFIER = "com.muscandev.AirbusA350MFD-ALPHA";
				PRODUCT_NAME = "$(TARGET_NAME)";
				SWIFT_EMIT_LOC_STRINGS = YES;
				SWIFT_VERSION = 5.0;
				TARGETED_DEVICE_FAMILY = 2;
			};
			name = Debug;
		};
		DDB0528328E5EDE800B4AA1B /* Release */ = {
			isa = XCBuildConfiguration;
			buildSettings = {
				ASSETCATALOG_COMPILER_APPICON_NAME = AppIcon;
				ASSETCATALOG_COMPILER_GLOBAL_ACCENT_COLOR_NAME = AccentColor;
				CODE_SIGN_STYLE = Automatic;
				CURRENT_PROJECT_VERSION = 1;
				DEVELOPMENT_TEAM = BK6GX2R98Y;
				GENERATE_INFOPLIST_FILE = YES;
				INFOPLIST_FILE = AirbusA350MFD_ALPHA/Info.plist;
				INFOPLIST_KEY_UIApplicationSupportsIndirectInputEvents = YES;
				INFOPLIST_KEY_UILaunchStoryboardName = LaunchScreen;
				INFOPLIST_KEY_UISupportedInterfaceOrientations_iPad = "UIInterfaceOrientationLandscapeLeft UIInterfaceOrientationLandscapeRight";
				INFOPLIST_KEY_UISupportedInterfaceOrientations_iPhone = "UIInterfaceOrientationPortrait UIInterfaceOrientationLandscapeLeft UIInterfaceOrientationLandscapeRight";
				LD_RUNPATH_SEARCH_PATHS = (
					"$(inherited)",
					"@executable_path/Frameworks",
				);
				MARKETING_VERSION = 1.0;
				PRODUCT_BUNDLE_IDENTIFIER = "com.muscandev.AirbusA350MFD-ALPHA";
				PRODUCT_NAME = "$(TARGET_NAME)";
				SWIFT_EMIT_LOC_STRINGS = YES;
				SWIFT_VERSION = 5.0;
				TARGETED_DEVICE_FAMILY = 2;
			};
			name = Release;
		};
/* End XCBuildConfiguration section */

/* Begin XCConfigurationList section */
		DDB0526528E5EDE600B4AA1B /* Build configuration list for PBXProject "AirbusA350MFD_ALPHA" */ = {
			isa = XCConfigurationList;
			buildConfigurations = (
				DDB0527F28E5EDE800B4AA1B /* Debug */,
				DDB0528028E5EDE800B4AA1B /* Release */,
			);
			defaultConfigurationIsVisible = 0;
			defaultConfigurationName = Release;
		};
		DDB0528128E5EDE800B4AA1B /* Build configuration list for PBXNativeTarget "AirbusA350MFD_ALPHA" */ = {
			isa = XCConfigurationList;
			buildConfigurations = (
				DDB0528228E5EDE800B4AA1B /* Debug */,
				DDB0528328E5EDE800B4AA1B /* Release */,
			);
			defaultConfigurationIsVisible = 0;
			defaultConfigurationName = Release;
		};
/* End XCConfigurationList section */

/* Begin XCVersionGroup section */
		DDB0527628E5EDE600B4AA1B /* AirbusA350MFD_ALPHA.xcdatamodeld */ = {
			isa = XCVersionGroup;
			children = (
				DDB0527728E5EDE600B4AA1B /* AirbusA350MFD_ALPHA.xcdatamodel */,
			);
			currentVersion = DDB0527728E5EDE600B4AA1B /* AirbusA350MFD_ALPHA.xcdatamodel */;
			path = AirbusA350MFD_ALPHA.xcdatamodeld;
			sourceTree = "<group>";
			versionGroupType = wrapper.xcdatamodel;
		};
/* End XCVersionGroup section */
	};
	rootObject = DDB0526228E5EDE600B4AA1B /* Project object */;
}
